
Microsoft Visual Studio Solution File, Format Version 12.00
# Visual Studio 15
VisualStudioVersion = 15.0.28307.329
MinimumVisualStudioVersion = 10.0.40219.1
Project("{FAE04EC0-301F-11D3-BF4B-00C04F79EFBC}") = "Demo.AspNetCore.Angular.PushNotifications", "Demo.AspNetCore.Angular.PushNotifications\Demo.AspNetCore.Angular.PushNotifications.csproj", "{93F11BF0-28CF-4321-97E9-12A584FB3071}"
EndProject
Global
	GlobalSection(SolutionConfigurationPlatforms) = preSolution
		Debug|Any CPU = Debug|Any CPU
		Release|Any CPU = Release|Any CPU
	EndGlobalSection
	GlobalSection(ProjectConfigurationPlatforms) = postSolution
		{93F11BF0-28CF-4321-97E9-12A584FB3071}.Debug|Any CPU.ActiveCfg = Debug|Any CPU
		{93F11BF0-28CF-4321-97E9-12A584FB3071}.Debug|Any CPU.Build.0 = Debug|Any CPU
		{93F11BF0-28CF-4321-97E9-12A584FB3071}.Release|Any CPU.ActiveCfg = Release|Any CPU
		{93F11BF0-28CF-4321-97E9-12A584FB3071}.Release|Any CPU.Build.0 = Release|Any CPU
	EndGlobalSection
	GlobalSection(SolutionProperties) = preSolution
		HideSolutionNode = FALSE
	EndGlobalSection
	GlobalSection(ExtensibilityGlobals) = postSolution
		SolutionGuid = {45FDB54D-90A2-4CEC-84D6-03B6A068CABC}
	EndGlobalSection
EndGlobal
